PODS:
  - Flutter (1.0.0)
  - xue_hua_audio (1.0.0):
    - Flutter

DEPENDENCIES:
  - Flutter (from `Flutter`)
  - xue_hua_audio (from `.symlinks/plugins/xue_hua_audio/ios`)

EXTERNAL SOURCES:
  Flutter:
    :path: Flutter
  xue_hua_audio:
    :path: ".symlinks/plugins/xue_hua_audio/ios"

SPEC CHECKSUMS:
  Flutter: cabc95a1d2626b1b06e7179b784ebcf0c0cde467
  xue_hua_audio: 57664e8f24d75c358d11dfad0ace52cfa39c5582

PODFILE CHECKSUM: f8c2dcdfb50bb67645580d28a6bf814fca30bdec

COCOAPODS: 1.16.2
